{
  "name": "z-card-automotive-template",
  "version": "1.0.0",
  "lockfileVersion": 3,
  "requires": true,
  "packages": {
    "": {
      "name": "z-card-automotive-template",
      "version": "1.0.0",
      "dependencies": {
        "next": "latest",
        "react": "latest",
        "react-dom": "latest",
        "lucide-react": "latest"
      },
      "devDependencies": {
        "tailwindcss": "latest"
      }
    }
  }
}
